
Microsoft Visual Studio Solution File, Format Version 12.00
# Visual Studio 2012
Project("{FAE04EC0-301F-11D3-BF4B-00C04F79EFBC}") = "CIS.UI", "CIS.UI\CIS.UI.csproj", "{2B516EB5-FBFF-4DF6-9706-AF84FE68D361}"
EndProject
Project("{2150E333-8FDC-42A3-9474-1A3956D46DE8}") = "Scripts", "Scripts", "{BF1537CD-A98C-4409-A1B0-41BD0CF28D75}"
	ProjectSection(SolutionItems) = preProject
		CIS.Data\database_creation_script.sql = CIS.Data\database_creation_script.sql
		TextFile1.sql = TextFile1.sql
		update_civil_status.sql = update_civil_status.sql
		update_script.sql = update_script.sql
		update_script2.sql = update_script2.sql
		update_script3.sql = update_script3.sql
	EndProjectSection
EndProject
Project("{FAE04EC0-301F-11D3-BF4B-00C04F79EFBC}") = "CIS.Store", "CIS.Store\CIS.Store.csproj", "{2F6805F7-7DA8-4552-9F91-FDDA6AF9034F}"
EndProject
Project("{2150E333-8FDC-42A3-9474-1A3956D46DE8}") = "Notes", "Notes", "{9804C9A4-B42A-4089-9A22-8BAF3781BCDA}"
	ProjectSection(SolutionItems) = preProject
		BarangayNotes.txt = BarangayNotes.txt
	EndProjectSection
EndProject
Project("{FAE04EC0-301F-11D3-BF4B-00C04F79EFBC}") = "CIS.Data", "CIS.Data\CIS.Data.csproj", "{B15D6AA5-7E64-4713-A754-44384474FA2E}"
EndProject
Project("{FAE04EC0-301F-11D3-BF4B-00C04F79EFBC}") = "CIS.Core", "CIS.Core\CIS.Core.csproj", "{443E80B3-B2B6-402B-828C-804F8E8532B8}"
EndProject
Global
	GlobalSection(SolutionConfigurationPlatforms) = preSolution
		CD_ROM|Any CPU = CD_ROM|Any CPU
		CD_ROM|Mixed Platforms = CD_ROM|Mixed Platforms
		CD_ROM|x86 = CD_ROM|x86
		Debug|Any CPU = Debug|Any CPU
		Debug|Mixed Platforms = Debug|Mixed Platforms
		Debug|x86 = Debug|x86
		DVD-5|Any CPU = DVD-5|Any CPU
		DVD-5|Mixed Platforms = DVD-5|Mixed Platforms
		DVD-5|x86 = DVD-5|x86
		Release|Any CPU = Release|Any CPU
		Release|Mixed Platforms = Release|Mixed Platforms
		Release|x86 = Release|x86
		SingleImage|Any CPU = SingleImage|Any CPU
		SingleImage|Mixed Platforms = SingleImage|Mixed Platforms
		SingleImage|x86 = SingleImage|x86
	EndGlobalSection
	GlobalSection(ProjectConfigurationPlatforms) = postSolution
		{2B516EB5-FBFF-4DF6-9706-AF84FE68D361}.CD_ROM|Any CPU.ActiveCfg = Release|Any CPU
		{2B516EB5-FBFF-4DF6-9706-AF84FE68D361}.CD_ROM|Any CPU.Build.0 = Release|Any CPU
		{2B516EB5-FBFF-4DF6-9706-AF84FE68D361}.CD_ROM|Mixed Platforms.ActiveCfg = Release|x86
		{2B516EB5-FBFF-4DF6-9706-AF84FE68D361}.CD_ROM|Mixed Platforms.Build.0 = Release|x86
		{2B516EB5-FBFF-4DF6-9706-AF84FE68D361}.CD_ROM|x86.ActiveCfg = Release|x86
		{2B516EB5-FBFF-4DF6-9706-AF84FE68D361}.CD_ROM|x86.Build.0 = Release|x86
		{2B516EB5-FBFF-4DF6-9706-AF84FE68D361}.Debug|Any CPU.ActiveCfg = Debug|Any CPU
		{2B516EB5-FBFF-4DF6-9706-AF84FE68D361}.Debug|Any CPU.Build.0 = Debug|Any CPU
		{2B516EB5-FBFF-4DF6-9706-AF84FE68D361}.Debug|Mixed Platforms.ActiveCfg = Debug|x86
		{2B516EB5-FBFF-4DF6-9706-AF84FE68D361}.Debug|Mixed Platforms.Build.0 = Debug|x86
		{2B516EB5-FBFF-4DF6-9706-AF84FE68D361}.Debug|x86.ActiveCfg = Debug|Any CPU
		{2B516EB5-FBFF-4DF6-9706-AF84FE68D361}.DVD-5|Any CPU.ActiveCfg = Debug|Any CPU
		{2B516EB5-FBFF-4DF6-9706-AF84FE68D361}.DVD-5|Any CPU.Build.0 = Debug|Any CPU
		{2B516EB5-FBFF-4DF6-9706-AF84FE68D361}.DVD-5|Mixed Platforms.ActiveCfg = Debug|x86
		{2B516EB5-FBFF-4DF6-9706-AF84FE68D361}.DVD-5|Mixed Platforms.Build.0 = Debug|x86
		{2B516EB5-FBFF-4DF6-9706-AF84FE68D361}.DVD-5|x86.ActiveCfg = Debug|x86
		{2B516EB5-FBFF-4DF6-9706-AF84FE68D361}.DVD-5|x86.Build.0 = Debug|x86
		{2B516EB5-FBFF-4DF6-9706-AF84FE68D361}.Release|Any CPU.ActiveCfg = Release|Any CPU
		{2B516EB5-FBFF-4DF6-9706-AF84FE68D361}.Release|Any CPU.Build.0 = Release|Any CPU
		{2B516EB5-FBFF-4DF6-9706-AF84FE68D361}.Release|Mixed Platforms.ActiveCfg = Release|Any CPU
		{2B516EB5-FBFF-4DF6-9706-AF84FE68D361}.Release|Mixed Platforms.Build.0 = Release|Any CPU
		{2B516EB5-FBFF-4DF6-9706-AF84FE68D361}.Release|x86.ActiveCfg = Release|Any CPU
		{2B516EB5-FBFF-4DF6-9706-AF84FE68D361}.Release|x86.Build.0 = Release|Any CPU
		{2B516EB5-FBFF-4DF6-9706-AF84FE68D361}.SingleImage|Any CPU.ActiveCfg = Release|Any CPU
		{2B516EB5-FBFF-4DF6-9706-AF84FE68D361}.SingleImage|Any CPU.Build.0 = Release|Any CPU
		{2B516EB5-FBFF-4DF6-9706-AF84FE68D361}.SingleImage|Mixed Platforms.ActiveCfg = Release|x86
		{2B516EB5-FBFF-4DF6-9706-AF84FE68D361}.SingleImage|Mixed Platforms.Build.0 = Release|x86
		{2B516EB5-FBFF-4DF6-9706-AF84FE68D361}.SingleImage|x86.ActiveCfg = Release|x86
		{2B516EB5-FBFF-4DF6-9706-AF84FE68D361}.SingleImage|x86.Build.0 = Release|x86
		{2F6805F7-7DA8-4552-9F91-FDDA6AF9034F}.CD_ROM|Any CPU.ActiveCfg = Release|Any CPU
		{2F6805F7-7DA8-4552-9F91-FDDA6AF9034F}.CD_ROM|Any CPU.Build.0 = Release|Any CPU
		{2F6805F7-7DA8-4552-9F91-FDDA6AF9034F}.CD_ROM|Mixed Platforms.ActiveCfg = Release|Any CPU
		{2F6805F7-7DA8-4552-9F91-FDDA6AF9034F}.CD_ROM|Mixed Platforms.Build.0 = Release|Any CPU
		{2F6805F7-7DA8-4552-9F91-FDDA6AF9034F}.CD_ROM|x86.ActiveCfg = Release|Any CPU
		{2F6805F7-7DA8-4552-9F91-FDDA6AF9034F}.Debug|Any CPU.ActiveCfg = Debug|Any CPU
		{2F6805F7-7DA8-4552-9F91-FDDA6AF9034F}.Debug|Any CPU.Build.0 = Debug|Any CPU
		{2F6805F7-7DA8-4552-9F91-FDDA6AF9034F}.Debug|Mixed Platforms.ActiveCfg = Debug|Any CPU
		{2F6805F7-7DA8-4552-9F91-FDDA6AF9034F}.Debug|Mixed Platforms.Build.0 = Debug|Any CPU
		{2F6805F7-7DA8-4552-9F91-FDDA6AF9034F}.Debug|x86.ActiveCfg = Debug|Any CPU
		{2F6805F7-7DA8-4552-9F91-FDDA6AF9034F}.DVD-5|Any CPU.ActiveCfg = Debug|Any CPU
		{2F6805F7-7DA8-4552-9F91-FDDA6AF9034F}.DVD-5|Any CPU.Build.0 = Debug|Any CPU
		{2F6805F7-7DA8-4552-9F91-FDDA6AF9034F}.DVD-5|Mixed Platforms.ActiveCfg = Debug|Any CPU
		{2F6805F7-7DA8-4552-9F91-FDDA6AF9034F}.DVD-5|Mixed Platforms.Build.0 = Debug|Any CPU
		{2F6805F7-7DA8-4552-9F91-FDDA6AF9034F}.DVD-5|x86.ActiveCfg = Debug|Any CPU
		{2F6805F7-7DA8-4552-9F91-FDDA6AF9034F}.Release|Any CPU.ActiveCfg = Release|Any CPU
		{2F6805F7-7DA8-4552-9F91-FDDA6AF9034F}.Release|Any CPU.Build.0 = Release|Any CPU
		{2F6805F7-7DA8-4552-9F91-FDDA6AF9034F}.Release|Mixed Platforms.ActiveCfg = Release|Any CPU
		{2F6805F7-7DA8-4552-9F91-FDDA6AF9034F}.Release|Mixed Platforms.Build.0 = Release|Any CPU
		{2F6805F7-7DA8-4552-9F91-FDDA6AF9034F}.Release|x86.ActiveCfg = Release|Any CPU
		{2F6805F7-7DA8-4552-9F91-FDDA6AF9034F}.SingleImage|Any CPU.ActiveCfg = Release|Any CPU
		{2F6805F7-7DA8-4552-9F91-FDDA6AF9034F}.SingleImage|Any CPU.Build.0 = Release|Any CPU
		{2F6805F7-7DA8-4552-9F91-FDDA6AF9034F}.SingleImage|Mixed Platforms.ActiveCfg = Release|Any CPU
		{2F6805F7-7DA8-4552-9F91-FDDA6AF9034F}.SingleImage|Mixed Platforms.Build.0 = Release|Any CPU
		{2F6805F7-7DA8-4552-9F91-FDDA6AF9034F}.SingleImage|x86.ActiveCfg = Release|Any CPU
		{B15D6AA5-7E64-4713-A754-44384474FA2E}.CD_ROM|Any CPU.ActiveCfg = Release|Any CPU
		{B15D6AA5-7E64-4713-A754-44384474FA2E}.CD_ROM|Any CPU.Build.0 = Release|Any CPU
		{B15D6AA5-7E64-4713-A754-44384474FA2E}.CD_ROM|Mixed Platforms.ActiveCfg = Release|x86
		{B15D6AA5-7E64-4713-A754-44384474FA2E}.CD_ROM|Mixed Platforms.Build.0 = Release|x86
		{B15D6AA5-7E64-4713-A754-44384474FA2E}.CD_ROM|x86.ActiveCfg = Release|x86
		{B15D6AA5-7E64-4713-A754-44384474FA2E}.CD_ROM|x86.Build.0 = Release|x86
		{B15D6AA5-7E64-4713-A754-44384474FA2E}.Debug|Any CPU.ActiveCfg = Debug|Any CPU
		{B15D6AA5-7E64-4713-A754-44384474FA2E}.Debug|Any CPU.Build.0 = Debug|Any CPU
		{B15D6AA5-7E64-4713-A754-44384474FA2E}.Debug|Mixed Platforms.ActiveCfg = Debug|x86
		{B15D6AA5-7E64-4713-A754-44384474FA2E}.Debug|Mixed Platforms.Build.0 = Debug|x86
		{B15D6AA5-7E64-4713-A754-44384474FA2E}.Debug|x86.ActiveCfg = Debug|x86
		{B15D6AA5-7E64-4713-A754-44384474FA2E}.Debug|x86.Build.0 = Debug|x86
		{B15D6AA5-7E64-4713-A754-44384474FA2E}.DVD-5|Any CPU.ActiveCfg = Debug|Any CPU
		{B15D6AA5-7E64-4713-A754-44384474FA2E}.DVD-5|Any CPU.Build.0 = Debug|Any CPU
		{B15D6AA5-7E64-4713-A754-44384474FA2E}.DVD-5|Mixed Platforms.ActiveCfg = Debug|x86
		{B15D6AA5-7E64-4713-A754-44384474FA2E}.DVD-5|Mixed Platforms.Build.0 = Debug|x86
		{B15D6AA5-7E64-4713-A754-44384474FA2E}.DVD-5|x86.ActiveCfg = Debug|x86
		{B15D6AA5-7E64-4713-A754-44384474FA2E}.DVD-5|x86.Build.0 = Debug|x86
		{B15D6AA5-7E64-4713-A754-44384474FA2E}.Release|Any CPU.ActiveCfg = Release|Any CPU
		{B15D6AA5-7E64-4713-A754-44384474FA2E}.Release|Any CPU.Build.0 = Release|Any CPU
		{B15D6AA5-7E64-4713-A754-44384474FA2E}.Release|Mixed Platforms.ActiveCfg = Release|x86
		{B15D6AA5-7E64-4713-A754-44384474FA2E}.Release|Mixed Platforms.Build.0 = Release|x86
		{B15D6AA5-7E64-4713-A754-44384474FA2E}.Release|x86.ActiveCfg = Release|x86
		{B15D6AA5-7E64-4713-A754-44384474FA2E}.Release|x86.Build.0 = Release|x86
		{B15D6AA5-7E64-4713-A754-44384474FA2E}.SingleImage|Any CPU.ActiveCfg = Release|Any CPU
		{B15D6AA5-7E64-4713-A754-44384474FA2E}.SingleImage|Any CPU.Build.0 = Release|Any CPU
		{B15D6AA5-7E64-4713-A754-44384474FA2E}.SingleImage|Mixed Platforms.ActiveCfg = Release|x86
		{B15D6AA5-7E64-4713-A754-44384474FA2E}.SingleImage|Mixed Platforms.Build.0 = Release|x86
		{B15D6AA5-7E64-4713-A754-44384474FA2E}.SingleImage|x86.ActiveCfg = Release|x86
		{B15D6AA5-7E64-4713-A754-44384474FA2E}.SingleImage|x86.Build.0 = Release|x86
		{443E80B3-B2B6-402B-828C-804F8E8532B8}.CD_ROM|Any CPU.ActiveCfg = Release|Any CPU
		{443E80B3-B2B6-402B-828C-804F8E8532B8}.CD_ROM|Any CPU.Build.0 = Release|Any CPU
		{443E80B3-B2B6-402B-828C-804F8E8532B8}.CD_ROM|Mixed Platforms.ActiveCfg = Release|x86
		{443E80B3-B2B6-402B-828C-804F8E8532B8}.CD_ROM|Mixed Platforms.Build.0 = Release|x86
		{443E80B3-B2B6-402B-828C-804F8E8532B8}.CD_ROM|x86.ActiveCfg = Release|x86
		{443E80B3-B2B6-402B-828C-804F8E8532B8}.CD_ROM|x86.Build.0 = Release|x86
		{443E80B3-B2B6-402B-828C-804F8E8532B8}.Debug|Any CPU.ActiveCfg = Debug|Any CPU
		{443E80B3-B2B6-402B-828C-804F8E8532B8}.Debug|Any CPU.Build.0 = Debug|Any CPU
		{443E80B3-B2B6-402B-828C-804F8E8532B8}.Debug|Mixed Platforms.ActiveCfg = Debug|x86
		{443E80B3-B2B6-402B-828C-804F8E8532B8}.Debug|Mixed Platforms.Build.0 = Debug|x86
		{443E80B3-B2B6-402B-828C-804F8E8532B8}.Debug|x86.ActiveCfg = Debug|x86
		{443E80B3-B2B6-402B-828C-804F8E8532B8}.Debug|x86.Build.0 = Debug|x86
		{443E80B3-B2B6-402B-828C-804F8E8532B8}.DVD-5|Any CPU.ActiveCfg = Debug|Any CPU
		{443E80B3-B2B6-402B-828C-804F8E8532B8}.DVD-5|Any CPU.Build.0 = Debug|Any CPU
		{443E80B3-B2B6-402B-828C-804F8E8532B8}.DVD-5|Mixed Platforms.ActiveCfg = Debug|x86
		{443E80B3-B2B6-402B-828C-804F8E8532B8}.DVD-5|Mixed Platforms.Build.0 = Debug|x86
		{443E80B3-B2B6-402B-828C-804F8E8532B8}.DVD-5|x86.ActiveCfg = Debug|x86
		{443E80B3-B2B6-402B-828C-804F8E8532B8}.DVD-5|x86.Build.0 = Debug|x86
		{443E80B3-B2B6-402B-828C-804F8E8532B8}.Release|Any CPU.ActiveCfg = Release|Any CPU
		{443E80B3-B2B6-402B-828C-804F8E8532B8}.Release|Any CPU.Build.0 = Release|Any CPU
		{443E80B3-B2B6-402B-828C-804F8E8532B8}.Release|Mixed Platforms.ActiveCfg = Release|x86
		{443E80B3-B2B6-402B-828C-804F8E8532B8}.Release|Mixed Platforms.Build.0 = Release|x86
		{443E80B3-B2B6-402B-828C-804F8E8532B8}.Release|x86.ActiveCfg = Release|x86
		{443E80B3-B2B6-402B-828C-804F8E8532B8}.Release|x86.Build.0 = Release|x86
		{443E80B3-B2B6-402B-828C-804F8E8532B8}.SingleImage|Any CPU.ActiveCfg = Release|Any CPU
		{443E80B3-B2B6-402B-828C-804F8E8532B8}.SingleImage|Any CPU.Build.0 = Release|Any CPU
		{443E80B3-B2B6-402B-828C-804F8E8532B8}.SingleImage|Mixed Platforms.ActiveCfg = Release|x86
		{443E80B3-B2B6-402B-828C-804F8E8532B8}.SingleImage|Mixed Platforms.Build.0 = Release|x86
		{443E80B3-B2B6-402B-828C-804F8E8532B8}.SingleImage|x86.ActiveCfg = Release|x86
		{443E80B3-B2B6-402B-828C-804F8E8532B8}.SingleImage|x86.Build.0 = Release|x86
	EndGlobalSection
	GlobalSection(SolutionProperties) = preSolution
		HideSolutionNode = FALSE
	EndGlobalSection
EndGlobal
